# This file is autogenerated, do not edit; changes may be undone by the next 'dep ensure'.


[[projects]]
  name = "cloud.google.com/go"
  packages = ["compute/metadata"]
  revision = "d94d3c22be03e56c5149c297b4e16d4586e83bc3"
  version = "v0.63.0"

[[projects]]
  branch = "master"
  name = "github.com/golang/groupcache"
  packages = ["lru"]
  revision = "8c9f03a8e57eb486e42badaed3fb287da51807ba"

[[projects]]
  name = "github.com/golang/protobuf"
  packages = ["proto","ptypes","ptypes/any","ptypes/duration","ptypes/timestamp"]
  revision = "d04d7b157bb510b1e0c10132224b616ac0e26b17"
  version = "v1.4.2"

[[projects]]
  name = "github.com/googleapis/gax-go"
  packages = ["v2"]
  revision = "bd5b16380fd03dc758d11cef74ba2e3bc8b0e8c2"
  version = "v2.0.5"

[[projects]]
  name = "github.com/prasmussen/gdrive"
  packages = ["auth","cli","drive"]
  revision = "97981f7fd205353907135eacfc0e0ade24b88269"
  version = "2.1.0"

[[projects]]
  name = "github.com/sabhiram/go-git-ignore"
  packages = ["."]
  revision = "d3107576ba9425fc1c85f4b3569c4631b805a02e"
  version = "1.0.2"

[[projects]]
  name = "github.com/soniakeys/bits"
  packages = ["."]
  revision = "6d078272e8c4c60e9a39dbd1415f6ca61ee30be7"
  version = "v1.0.0"

[[projects]]
  name = "github.com/soniakeys/graph"
  packages = ["."]
  revision = "bd01f17755ab52e8680af118bd02d2575f6af04f"
  version = "v0.0.0"

[[projects]]
  name = "go.opencensus.io"
  packages = [".","internal","internal/tagencoding","metric/metricdata","metric/metricproducer","plugin/ochttp","plugin/ochttp/propagation/b3","resource","stats","stats/internal","stats/view","tag","trace","trace/internal","trace/propagation","trace/tracestate"]
  revision = "5fa069b99bc903d713add0295c7e0a55d34ae573"
  version = "v0.22.4"

[[projects]]
  branch = "master"
  name = "golang.org/x/net"
  packages = ["context","context/ctxhttp","http/httpguts","http2","http2/hpack","idna","internal/timeseries","trace"]
  revision = "3edf25e44fccea9e11b919341e952fca722ef460"

[[projects]]
  branch = "master"
  name = "golang.org/x/oauth2"
  packages = [".","google","internal","jws","jwt"]
  revision = "bf48bf16ab8d622ce64ec6ce98d2c98f916b6303"

[[projects]]
  branch = "master"
  name = "golang.org/x/sys"
  packages = ["internal/unsafeheader","unix"]
  revision = "6a926be9bd1de9da2007a5071f42528afca90858"

[[projects]]
  name = "golang.org/x/text"
  packages = ["collate","collate/build","internal/colltab","internal/gen","internal/language","internal/language/compact","internal/tag","internal/triegen","internal/ucd","language","secure/bidirule","transform","unicode/bidi","unicode/cldr","unicode/norm","unicode/rangetable"]
  revision = "23ae387dee1f90d29a23c0e87ee0b46038fbed0e"
  version = "v0.3.3"

[[projects]]
  name = "google.golang.org/api"
  packages = ["drive/v3","googleapi","googleapi/transport","internal","internal/gensupport","internal/third_party/uritemplates","option","option/internaloption","transport/cert","transport/http","transport/http/internal/propagation"]
  revision = "dcbe36d62163edc6a7dca06c1d9f34881a2283b7"
  version = "v0.30.0"

[[projects]]
  name = "google.golang.org/appengine"
  packages = [".","internal","internal/app_identity","internal/base","internal/datastore","internal/log","internal/modules","internal/remote_api","internal/urlfetch","urlfetch"]
  revision = "553959209a20f3be281c16dd5be5c740a893978f"
  version = "v1.6.6"

[[projects]]
  branch = "master"
  name = "google.golang.org/genproto"
  packages = ["googleapis/rpc/status"]
  revision = "8c09557e8a18fd56cfe175d05070b5966d97d792"

[[projects]]
  name = "google.golang.org/grpc"
  packages = [".","attributes","backoff","balancer","balancer/base","balancer/grpclb/state","balancer/roundrobin","binarylog/grpc_binarylog_v1","codes","connectivity","credentials","credentials/internal","encoding","encoding/proto","grpclog","internal","internal/backoff","internal/balancerload","internal/binarylog","internal/buffer","internal/channelz","internal/credentials","internal/envconfig","internal/grpclog","internal/grpcrand","internal/grpcsync","internal/grpcutil","internal/resolver/dns","internal/resolver/passthrough","internal/serviceconfig","internal/status","internal/syscall","internal/transport","keepalive","metadata","peer","resolver","serviceconfig","stats","status","tap"]
  revision = "bde0263672f027525e2950992a4c7db7af572b59"
  version = "v1.31.0"

[[projects]]
  name = "google.golang.org/protobuf"
  packages = ["encoding/prototext","encoding/protowire","internal/descfmt","internal/descopts","internal/detrand","internal/encoding/defval","internal/encoding/messageset","internal/encoding/tag","internal/encoding/text","internal/errors","internal/fieldsort","internal/filedesc","internal/filetype","internal/flags","internal/genid","internal/impl","internal/mapsort","internal/pragma","internal/set","internal/strs","internal/version","proto","reflect/protoreflect","reflect/protoregistry","runtime/protoiface","runtime/protoimpl","types/known/anypb","types/known/durationpb","types/known/timestamppb"]
  revision = "3f7a61f89bb6813f89d981d1870ed68da0b3c3f1"
  version = "v1.25.0"

[solve-meta]
  analyzer-name = "dep"
  analyzer-version = 1
  inputs-digest = "5e4f2e7a0d41055e9a12ee74952983fe011db630ccdccd62730e9328e57e2308"
  solver-name = "gps-cdcl"
  solver-version = 1
